
Microsoft Visual Studio Solution File, Format Version 12.00
# Visual Studio Version 17
VisualStudioVersion = 17.7.34003.232
MinimumVisualStudioVersion = 10.0.40219.1
Project("{9A19103F-16F7-4668-BE54-9A1E7A4F7556}") = "FluentPassFinderPlugin", "FluentPassFinderPlugin\FluentPassFinderPlugin.csproj", "{EAF16377-EB62-4EE3-9C1B-F9E6658CC7AF}"
	ProjectSection(ProjectDependencies) = postProject
		{185AA238-2C34-4147-9FF2-825A95B8FA53} = {185AA238-2C34-4147-9FF2-825A95B8FA53}
	EndProjectSection
EndProject
Project("{9A19103F-16F7-4668-BE54-9A1E7A4F7556}") = "FluentPassFinder", "FluentPassFinder\FluentPassFinder.csproj", "{185AA238-2C34-4147-9FF2-825A95B8FA53}"
EndProject
Project("{9A19103F-16F7-4668-BE54-9A1E7A4F7556}") = "FluentPassFinderContracts", "FluentPassFinderContracts\FluentPassFinderContracts.csproj", "{9872AD7D-83FD-47BD-AA64-E259F434DAEE}"
EndProject
Project("{2150E333-8FDC-42A3-9474-1A3956D46DE8}") = "Solution Items", "Solution Items", "{FCE2C370-8F51-4D10-B223-3C990F5C90B7}"
	ProjectSection(SolutionItems) = preProject
		.gitignore = .gitignore
		LICENSE = LICENSE
		Directory.Build.props = Directory.Build.props
		README.md = README.md
		ThirdPartyNotices.md = ThirdPartyNotices.md
	EndProjectSection
EndProject
Project("{2150E333-8FDC-42A3-9474-1A3956D46DE8}") = "Workflows", "Workflows", "{FB494A76-D4EA-48E8-BF1D-8D39104D790A}"
	ProjectSection(SolutionItems) = preProject
		.github\workflows\BuildPlugin.yml = .github\workflows\BuildPlugin.yml
		.github\workflows\BuildReleasePlugin.yml = .github\workflows\BuildReleasePlugin.yml
	EndProjectSection
EndProject
Global
	GlobalSection(SolutionConfigurationPlatforms) = preSolution
		Debug|Any CPU = Debug|Any CPU
		Release|Any CPU = Release|Any CPU
	EndGlobalSection
	GlobalSection(ProjectConfigurationPlatforms) = postSolution
		{EAF16377-EB62-4EE3-9C1B-F9E6658CC7AF}.Debug|Any CPU.ActiveCfg = Debug|Any CPU
		{EAF16377-EB62-4EE3-9C1B-F9E6658CC7AF}.Debug|Any CPU.Build.0 = Debug|Any CPU
		{EAF16377-EB62-4EE3-9C1B-F9E6658CC7AF}.Release|Any CPU.ActiveCfg = Release|Any CPU
		{EAF16377-EB62-4EE3-9C1B-F9E6658CC7AF}.Release|Any CPU.Build.0 = Release|Any CPU
		{185AA238-2C34-4147-9FF2-825A95B8FA53}.Debug|Any CPU.ActiveCfg = Debug|Any CPU
		{185AA238-2C34-4147-9FF2-825A95B8FA53}.Debug|Any CPU.Build.0 = Debug|Any CPU
		{185AA238-2C34-4147-9FF2-825A95B8FA53}.Release|Any CPU.ActiveCfg = Release|Any CPU
		{185AA238-2C34-4147-9FF2-825A95B8FA53}.Release|Any CPU.Build.0 = Release|Any CPU
		{9872AD7D-83FD-47BD-AA64-E259F434DAEE}.Debug|Any CPU.ActiveCfg = Debug|Any CPU
		{9872AD7D-83FD-47BD-AA64-E259F434DAEE}.Debug|Any CPU.Build.0 = Debug|Any CPU
		{9872AD7D-83FD-47BD-AA64-E259F434DAEE}.Release|Any CPU.ActiveCfg = Release|Any CPU
		{9872AD7D-83FD-47BD-AA64-E259F434DAEE}.Release|Any CPU.Build.0 = Release|Any CPU
	EndGlobalSection
	GlobalSection(SolutionProperties) = preSolution
		HideSolutionNode = FALSE
	EndGlobalSection
	GlobalSection(NestedProjects) = preSolution
		{FB494A76-D4EA-48E8-BF1D-8D39104D790A} = {FCE2C370-8F51-4D10-B223-3C990F5C90B7}
	EndGlobalSection
	GlobalSection(ExtensibilityGlobals) = postSolution
		SolutionGuid = {F52598CB-8C14-4C22-8AC3-0B21DD47F13E}
	EndGlobalSection
EndGlobal
